
Microsoft Visual Studio Solution File, Format Version 12.00
# Visual Studio Version 16
VisualStudioVersion = 16.0.29418.71
MinimumVisualStudioVersion = 10.0.40219.1
Project("{FAE04EC0-301F-11D3-BF4B-00C04F79EFBC}") = "Navitaire", "Navitaire\Navitaire.csproj", "{C063AE1B-BF71-417B-88A8-7D37FDFA7641}"
EndProject
Global
	GlobalSection(SolutionConfigurationPlatforms) = preSolution
		Debug|Any CPU = Debug|Any CPU
		Release|Any CPU = Release|Any CPU
	EndGlobalSection
	GlobalSection(ProjectConfigurationPlatforms) = postSolution
		{C063AE1B-BF71-417B-88A8-7D37FDFA7641}.Debug|Any CPU.ActiveCfg = Debug|Any CPU
		{C063AE1B-BF71-417B-88A8-7D37FDFA7641}.Debug|Any CPU.Build.0 = Debug|Any CPU
		{C063AE1B-BF71-417B-88A8-7D37FDFA7641}.Release|Any CPU.ActiveCfg = Release|Any CPU
		{C063AE1B-BF71-417B-88A8-7D37FDFA7641}.Release|Any CPU.Build.0 = Release|Any CPU
	EndGlobalSection
	GlobalSection(SolutionProperties) = preSolution
		HideSolutionNode = FALSE
	EndGlobalSection
	GlobalSection(ExtensibilityGlobals) = postSolution
		SolutionGuid = {3635321F-B6FD-4D0D-9ED2-E4C48DAE94B9}
	EndGlobalSection
EndGlobal
