
Microsoft Visual Studio Solution File, Format Version 12.00
# Visual Studio Version 16
VisualStudioVersion = 16.0.29418.71
MinimumVisualStudioVersion = 10.0.40219.1
Project("{FAE04EC0-301F-11D3-BF4B-00C04F79EFBC}") = "CoinChange", "CoinChange\CoinChange.csproj", "{1BF2EC5D-7036-42C9-A3FE-AD477A3E1CE7}"
EndProject
Global
	GlobalSection(SolutionConfigurationPlatforms) = preSolution
		Debug|Any CPU = Debug|Any CPU
		Release|Any CPU = Release|Any CPU
	EndGlobalSection
	GlobalSection(ProjectConfigurationPlatforms) = postSolution
		{1BF2EC5D-7036-42C9-A3FE-AD477A3E1CE7}.Debug|Any CPU.ActiveCfg = Debug|Any CPU
		{1BF2EC5D-7036-42C9-A3FE-AD477A3E1CE7}.Debug|Any CPU.Build.0 = Debug|Any CPU
		{1BF2EC5D-7036-42C9-A3FE-AD477A3E1CE7}.Release|Any CPU.ActiveCfg = Release|Any CPU
		{1BF2EC5D-7036-42C9-A3FE-AD477A3E1CE7}.Release|Any CPU.Build.0 = Release|Any CPU
	EndGlobalSection
	GlobalSection(SolutionProperties) = preSolution
		HideSolutionNode = FALSE
	EndGlobalSection
	GlobalSection(ExtensibilityGlobals) = postSolution
		SolutionGuid = {E6F435BA-91B6-4482-9022-21A8C6AF3BB4}
	EndGlobalSection
EndGlobal
