
Microsoft Visual Studio Solution File, Format Version 12.00
# Visual Studio Version 16
VisualStudioVersion = 16.0.29418.71
MinimumVisualStudioVersion = 10.0.40219.1
Project("{FAE04EC0-301F-11D3-BF4B-00C04F79EFBC}") = "CodalityPractice", "CodalityPractice\CodalityPractice.csproj", "{6E83E6F8-C790-4814-A0A2-5FA09967A1D0}"
EndProject
Global
	GlobalSection(SolutionConfigurationPlatforms) = preSolution
		Debug|Any CPU = Debug|Any CPU
		Release|Any CPU = Release|Any CPU
	EndGlobalSection
	GlobalSection(ProjectConfigurationPlatforms) = postSolution
		{6E83E6F8-C790-4814-A0A2-5FA09967A1D0}.Debug|Any CPU.ActiveCfg = Debug|Any CPU
		{6E83E6F8-C790-4814-A0A2-5FA09967A1D0}.Debug|Any CPU.Build.0 = Debug|Any CPU
		{6E83E6F8-C790-4814-A0A2-5FA09967A1D0}.Release|Any CPU.ActiveCfg = Release|Any CPU
		{6E83E6F8-C790-4814-A0A2-5FA09967A1D0}.Release|Any CPU.Build.0 = Release|Any CPU
	EndGlobalSection
	GlobalSection(SolutionProperties) = preSolution
		HideSolutionNode = FALSE
	EndGlobalSection
	GlobalSection(ExtensibilityGlobals) = postSolution
		SolutionGuid = {8021F04A-AB09-4D03-ACF4-28759B6D7D3D}
	EndGlobalSection
EndGlobal
